{
  "name": "my-turborepo",
  "lockfileVersion": 3,
  "requires": true,
  "packages": {
    "": {
      "name": "my-turborepo",
      "workspaces": [
        "apps/*",
        "packages/*"
      ],
      "devDependencies": {
        "turbo": "^2.5.6-canary.0"
      }
    },
    "apps/app-a": {
      "dependencies": {
        "pkg-a": "*",
        "tooling-config": "*"
      }
    },
    "apps/app-b": {
      "dependencies": {
        "tooling-config": "*"
      }
    },
    "node_modules/app-a": {
      "resolved": "apps/app-a",
      "link": true
    },
    "node_modules/app-b": {
      "resolved": "apps/app-b",
      "link": true
    },
    "node_modules/pkg-a": {
      "resolved": "packages/pkg-a",
      "link": true
    },
    "node_modules/pkg-b": {
      "resolved": "packages/pkg-b",
      "link": true
    },
    "node_modules/tooling-config": {
      "resolved": "packages/tooling-config",
      "link": true
    },
    "node_modules/turbo": {
      "version": "2.5.6-canary.0",
      "resolved": "https://registry.npmjs.org/turbo/-/turbo-2.5.6-canary.0.tgz",
      "integrity": "sha512-fTUZD8YhqSpJyWMvOkFM54UHxdcH8rH4hZ4LGkQgEMqpiCOq3xhwlzfk4Blkh4HoPcVtr1lUsCMkoSS+mMppeQ==",
      "dev": true,
      "license": "MIT",
      "bin": {
        "turbo": "bin/turbo"
      },
      "optionalDependencies": {
        "turbo-darwin-64": "2.5.6-canary.0",
        "turbo-darwin-arm64": "2.5.6-canary.0",
        "turbo-linux-64": "2.5.6-canary.0",
        "turbo-linux-arm64": "2.5.6-canary.0",
        "turbo-windows-64": "2.5.6-canary.0",
        "turbo-windows-arm64": "2.5.6-canary.0"
      }
    },
    "node_modules/turbo-darwin-64": {
      "version": "2.5.6-canary.0",
      "resolved": "https://registry.npmjs.org/turbo-darwin-64/-/turbo-darwin-64-2.5.6-canary.0.tgz",
      "integrity": "sha512-lk96gU77KseWKXeYdokfuIhAGjnyQ7bZSS0ouWAJ82bK3sp3XvrrlCS7QNvTcMB1AB+clbc+7Y7rgknEu6GURw==",
      "cpu": [
        "x64"
      ],
      "dev": true,
      "license": "MIT",
      "optional": true,
      "os": [
        "darwin"
      ]
    },
    "node_modules/turbo-darwin-arm64": {
      "version": "2.5.6-canary.0",
      "resolved": "https://registry.npmjs.org/turbo-darwin-arm64/-/turbo-darwin-arm64-2.5.6-canary.0.tgz",
      "integrity": "sha512-z6Wm+QAkMobQ4MM2LmAchvHZqICEjOd+Y5s/t2Sac77ApX916hbWI3PMeBQx89hOhgZZSl0lgKISASMcIE1Nzg==",
      "cpu": [
        "arm64"
      ],
      "dev": true,
      "license": "MIT",
      "optional": true,
      "os": [
        "darwin"
      ]
    },
    "node_modules/turbo-linux-64": {
      "version": "2.5.6-canary.0",
      "resolved": "https://registry.npmjs.org/turbo-linux-64/-/turbo-linux-64-2.5.6-canary.0.tgz",
      "integrity": "sha512-r5bYDGiKYuwyhTKZLCc2epVA+dtm2qVCTY7mRJ0b3brg2l7njcZRB1rkaT2m8T+mGGuoOfu7CYePMHzxMzCooQ==",
      "cpu": [
        "x64"
      ],
      "dev": true,
      "license": "MIT",
      "optional": true,
      "os": [
        "linux"
      ]
    },
    "node_modules/turbo-linux-arm64": {
      "version": "2.5.6-canary.0",
      "resolved": "https://registry.npmjs.org/turbo-linux-arm64/-/turbo-linux-arm64-2.5.6-canary.0.tgz",
      "integrity": "sha512-Cur6c8p1+MFrlJWz2DYLNQp6Q8NkS/py24bl6IEaFv/3Ki7NaHOZ4EUT2kgANLG4a9ZO5954g7uEtXAc0Mcm8A==",
      "cpu": [
        "arm64"
      ],
      "dev": true,
      "license": "MIT",
      "optional": true,
      "os": [
        "linux"
      ]
    },
    "node_modules/turbo-windows-64": {
      "version": "2.5.6-canary.0",
      "resolved": "https://registry.npmjs.org/turbo-windows-64/-/turbo-windows-64-2.5.6-canary.0.tgz",
      "integrity": "sha512-A4QN0WWueQUMvZLcj/jr+wGIJnd4oSv3dpL/1RaN7vS1CvE+A+d4DbsdJMkYyPhSc+Y5CO1K8hUQpRD1mH75cw==",
      "cpu": [
        "x64"
      ],
      "dev": true,
      "license": "MIT",
      "optional": true,
      "os": [
        "win32"
      ]
    },
    "node_modules/turbo-windows-arm64": {
      "version": "2.5.6-canary.0",
      "resolved": "https://registry.npmjs.org/turbo-windows-arm64/-/turbo-windows-arm64-2.5.6-canary.0.tgz",
      "integrity": "sha512-iP5vmKiu8qi2Wi0Fyvoxfx8np7z4Mmg55xlVkIIZ/ecZIuBYt6pjP6U4Z+TWl44IFmoBkE+fJEyPqsyu/zrZkw==",
      "cpu": [
        "arm64"
      ],
      "dev": true,
      "license": "MIT",
      "optional": true,
      "os": [
        "win32"
      ]
    },
    "packages/pkg-a": {
      "dependencies": {
        "tooling-config": "*"
      }
    },
    "packages/pkg-b": {
      "dependencies": {
        "tooling-config": "*"
      }
    },
    "packages/tooling-config": {}
  }
}
